// !$*UTF8*$!
{
	archiveVersion = 1;
	classes = {
	};
	objectVersion = 48;
	objects = {

/* Begin PBXBuildFile section */
		1D9CA454018E7340F803C64A /* Pods_Kitchen_HelpTests.framework in Frameworks */ = {isa = PBXBuildFile; fileRef = 1AFAB75F7FE4E3B059AF48DB /* Pods_Kitchen_HelpTests.framework */; };
		1DB6E132207678B900A301B9 /* COMPLETEbutton.png in Resources */ = {isa = PBXBuildFile; fileRef = 1DB6E129207678B800A301B9 /* COMPLETEbutton.png */; };
		1DB6E134207678B900A301B9 /* LOGINbutton.png in Resources */ = {isa = PBXBuildFile; fileRef = 1DB6E12B207678B800A301B9 /* LOGINbutton.png */; };
		1DB6E135207678B900A301B9 /* MENUbutton.png in Resources */ = {isa = PBXBuildFile; fileRef = 1DB6E12C207678B800A301B9 /* MENUbutton.png */; };
		1DB6E136207678B900A301B9 /* INGREDIENTSbutton.png in Resources */ = {isa = PBXBuildFile; fileRef = 1DB6E12D207678B800A301B9 /* INGREDIENTSbutton.png */; };
		1DB6E137207678B900A301B9 /* LOGOblue.png in Resources */ = {isa = PBXBuildFile; fileRef = 1DB6E12E207678B800A301B9 /* LOGOblue.png */; };
		1DB6E138207678B900A301B9 /* ADDbutton.png in Resources */ = {isa = PBXBuildFile; fileRef = 1DB6E12F207678B900A301B9 /* ADDbutton.png */; };
		1DC98D502088DFEC00431BCF /* HomeViewController.swift in Sources */ = {isa = PBXBuildFile; fileRef = 1DC98D4F2088DFEC00431BCF /* HomeViewController.swift */; };
		1DC98D522088EA8800431BCF /* LOGINgreen.png in Resources */ = {isa = PBXBuildFile; fileRef = 1DC98D512088EA8800431BCF /* LOGINgreen.png */; };
		5E2174052083A4BB0010DD9A /* GroceryListTableViewController.swift in Sources */ = {isa = PBXBuildFile; fileRef = 5E2174042083A4BB0010DD9A /* GroceryListTableViewController.swift */; };
		5E2174072083A4D30010DD9A /* OnlineUsersTableViewController.swift in Sources */ = {isa = PBXBuildFile; fileRef = 5E2174062083A4D30010DD9A /* OnlineUsersTableViewController.swift */; };
		5E5534D2207FAB64008A985E /* FixedLoginViewController.swift in Sources */ = {isa = PBXBuildFile; fileRef = 5E5534D1207FAB63008A985E /* FixedLoginViewController.swift */; };
		5EC0BB9B206DE36A005056FE /* EmailLoginViewController.swift in Sources */ = {isa = PBXBuildFile; fileRef = 5EC0BB9A206DE36A005056FE /* EmailLoginViewController.swift */; };
		5ECDE0802083B50D0094D4C3 /* GroceryItem.swift in Sources */ = {isa = PBXBuildFile; fileRef = 5ECDE07F2083B50D0094D4C3 /* GroceryItem.swift */; };
		5ECDE0822083FF530094D4C3 /* User.swift in Sources */ = {isa = PBXBuildFile; fileRef = 5ECDE0812083FF520094D4C3 /* User.swift */; };
		A5209AB1202CAB4C0075DD0D /* RecipeTableViewController.swift in Sources */ = {isa = PBXBuildFile; fileRef = A5209AB0202CAB4C0075DD0D /* RecipeTableViewController.swift */; };
		A5209AB4202CAD660075DD0D /* SearchPageViewController.swift in Sources */ = {isa = PBXBuildFile; fileRef = A5209AB3202CAD660075DD0D /* SearchPageViewController.swift */; };
		A5209AB6202CADDE0075DD0D /* ResultsViewController.swift in Sources */ = {isa = PBXBuildFile; fileRef = A5209AB5202CADDE0075DD0D /* ResultsViewController.swift */; };
		A56EFF972028B0B000B106F5 /* AppDelegate.swift in Sources */ = {isa = PBXBuildFile; fileRef = A56EFF962028B0B000B106F5 /* AppDelegate.swift */; };
		A56EFF9C2028B0B000B106F5 /* Main.storyboard in Resources */ = {isa = PBXBuildFile; fileRef = A56EFF9A2028B0B000B106F5 /* Main.storyboard */; };
		A56EFF9E2028B0B000B106F5 /* Assets.xcassets in Resources */ = {isa = PBXBuildFile; fileRef = A56EFF9D2028B0B000B106F5 /* Assets.xcassets */; };
		A56EFFA12028B0B000B106F5 /* LaunchScreen.storyboard in Resources */ = {isa = PBXBuildFile; fileRef = A56EFF9F2028B0B000B106F5 /* LaunchScreen.storyboard */; };
		A56EFFAC2028B0B000B106F5 /* Kitchen_HelpTests.swift in Sources */ = {isa = PBXBuildFile; fileRef = A56EFFAB2028B0B000B106F5 /* Kitchen_HelpTests.swift */; };
		A56EFFB72028B0B000B106F5 /* Kitchen_HelpUITests.swift in Sources */ = {isa = PBXBuildFile; fileRef = A56EFFB62028B0B000B106F5 /* Kitchen_HelpUITests.swift */; };
		A5B169CB20446B1300A524A5 /* HomeTableViewController.swift in Sources */ = {isa = PBXBuildFile; fileRef = A5B169CA20446B1300A524A5 /* HomeTableViewController.swift */; };
		A5B169CF20446CA800A524A5 /* Pantry.plist in Resources */ = {isa = PBXBuildFile; fileRef = A5B169CE20446CA800A524A5 /* Pantry.plist */; };
		A5CC4CC92041E4D90019BBF3 /* Recipes.plist in Resources */ = {isa = PBXBuildFile; fileRef = A5CC4CC82041E4D90019BBF3 /* Recipes.plist */; };
		A5E716712048582700D9FEF6 /* XMLParser.swift in Sources */ = {isa = PBXBuildFile; fileRef = A5E716702048582700D9FEF6 /* XMLParser.swift */; };
		C37496E32076718D0062EDB8 /* GoogleService-Info.plist in Resources */ = {isa = PBXBuildFile; fileRef = C37496E22076718D0062EDB8 /* GoogleService-Info.plist */; };
		C38109662088D81600A8E1CA /* Recipes.xml in Resources */ = {isa = PBXBuildFile; fileRef = C38109652088D81600A8E1CA /* Recipes.xml */; };
		C38109682088D84000A8E1CA /* RecipeTableViewCell.swift in Sources */ = {isa = PBXBuildFile; fileRef = C38109672088D84000A8E1CA /* RecipeTableViewCell.swift */; };
		C827E46F3069EEC9091F4426 /* Pods_Kitchen_Help.framework in Frameworks */ = {isa = PBXBuildFile; fileRef = 559D8AEB07F679FE57DECCA9 /* Pods_Kitchen_Help.framework */; };
		EBD51FF27730E55E603824BA /* Pods_Kitchen_HelpUITests.framework in Frameworks */ = {isa = PBXBuildFile; fileRef = 1DC347BD267F6CA187CFEC73 /* Pods_Kitchen_HelpUITests.framework */; };
/* End PBXBuildFile section */

/* Begin PBXContainerItemProxy section */
		A56EFFA82028B0B000B106F5 /* PBXContainerItemProxy */ = {
			isa = PBXContainerItemProxy;
			containerPortal = A56EFF8B2028B0B000B106F5 /* Project object */;
			proxyType = 1;
			remoteGlobalIDString = A56EFF922028B0B000B106F5;
			remoteInfo = "Kitchen Help";
		};
		A56EFFB32028B0B000B106F5 /* PBXContainerItemProxy */ = {
			isa = PBXContainerItemProxy;
			containerPortal = A56EFF8B2028B0B000B106F5 /* Project object */;
			proxyType = 1;
			remoteGlobalIDString = A56EFF922028B0B000B106F5;
			remoteInfo = "Kitchen Help";
		};
/* End PBXContainerItemProxy section */

/* Begin PBXFileReference section */
		1AFAB75F7FE4E3B059AF48DB /* Pods_Kitchen_HelpTests.framework */ = {isa = PBXFileReference; explicitFileType = wrapper.framework; includeInIndex = 0; path = Pods_Kitchen_HelpTests.framework; sourceTree = BUILT_PRODUCTS_DIR; };
		1DB6E127207678B800A301B9 /* RECIPESbutton.png */ = {isa = PBXFileReference; lastKnownFileType = image.png; path = RECIPESbutton.png; sourceTree = "<group>"; };
		1DB6E128207678B800A301B9 /* LOGOUTbutton.png */ = {isa = PBXFileReference; lastKnownFileType = image.png; path = LOGOUTbutton.png; sourceTree = "<group>"; };
		1DB6E129207678B800A301B9 /* COMPLETEbutton.png */ = {isa = PBXFileReference; lastKnownFileType = image.png; path = COMPLETEbutton.png; sourceTree = "<group>"; };
		1DB6E12B207678B800A301B9 /* LOGINbutton.png */ = {isa = PBXFileReference; lastKnownFileType = image.png; path = LOGINbutton.png; sourceTree = "<group>"; };
		1DB6E12C207678B800A301B9 /* MENUbutton.png */ = {isa = PBXFileReference; lastKnownFileType = image.png; path = MENUbutton.png; sourceTree = "<group>"; };
		1DB6E12D207678B800A301B9 /* INGREDIENTSbutton.png */ = {isa = PBXFileReference; lastKnownFileType = image.png; path = INGREDIENTSbutton.png; sourceTree = "<group>"; };
		1DB6E12E207678B800A301B9 /* LOGOblue.png */ = {isa = PBXFileReference; lastKnownFileType = image.png; path = LOGOblue.png; sourceTree = "<group>"; };
		1DB6E12F207678B900A301B9 /* ADDbutton.png */ = {isa = PBXFileReference; lastKnownFileType = image.png; path = ADDbutton.png; sourceTree = "<group>"; };
		1DC347BD267F6CA187CFEC73 /* Pods_Kitchen_HelpUITests.framework */ = {isa = PBXFileReference; explicitFileType = wrapper.framework; includeInIndex = 0; path = Pods_Kitchen_HelpUITests.framework; sourceTree = BUILT_PRODUCTS_DIR; };
		1DC98D4F2088DFEC00431BCF /* HomeViewController.swift */ = {isa = PBXFileReference; fileEncoding = 4; lastKnownFileType = sourcecode.swift; name = HomeViewController.swift; path = ../../../../Downloads/HomeViewController.swift; sourceTree = "<group>"; };
		1DC98D512088EA8800431BCF /* LOGINgreen.png */ = {isa = PBXFileReference; lastKnownFileType = image.png; path = LOGINgreen.png; sourceTree = "<group>"; };
		241532A00CA545B7EDCB46BB /* Pods-Kitchen Help.release.xcconfig */ = {isa = PBXFileReference; includeInIndex = 1; lastKnownFileType = text.xcconfig; name = "Pods-Kitchen Help.release.xcconfig"; path = "Pods/Target Support Files/Pods-Kitchen Help/Pods-Kitchen Help.release.xcconfig"; sourceTree = "<group>"; };
		559D8AEB07F679FE57DECCA9 /* Pods_Kitchen_Help.framework */ = {isa = PBXFileReference; explicitFileType = wrapper.framework; includeInIndex = 0; path = Pods_Kitchen_Help.framework; sourceTree = BUILT_PRODUCTS_DIR; };
		5E2174042083A4BB0010DD9A /* GroceryListTableViewController.swift */ = {isa = PBXFileReference; fileEncoding = 4; lastKnownFileType = sourcecode.swift; path = GroceryListTableViewController.swift; sourceTree = "<group>"; };
		5E2174062083A4D30010DD9A /* OnlineUsersTableViewController.swift */ = {isa = PBXFileReference; fileEncoding = 4; lastKnownFileType = sourcecode.swift; path = OnlineUsersTableViewController.swift; sourceTree = "<group>"; };
		5E5534D1207FAB63008A985E /* FixedLoginViewController.swift */ = {isa = PBXFileReference; lastKnownFileType = sourcecode.swift; path = FixedLoginViewController.swift; sourceTree = "<group>"; };
		5E840E1F4A2FB2A494F987D6 /* Pods-Kitchen HelpTests.debug.xcconfig */ = {isa = PBXFileReference; includeInIndex = 1; lastKnownFileType = text.xcconfig; name = "Pods-Kitchen HelpTests.debug.xcconfig"; path = "Pods/Target Support Files/Pods-Kitchen HelpTests/Pods-Kitchen HelpTests.debug.xcconfig"; sourceTree = "<group>"; };
		5EC0BB9A206DE36A005056FE /* EmailLoginViewController.swift */ = {isa = PBXFileReference; lastKnownFileType = sourcecode.swift; path = EmailLoginViewController.swift; sourceTree = "<group>"; };
		5ECDE07F2083B50D0094D4C3 /* GroceryItem.swift */ = {isa = PBXFileReference; fileEncoding = 4; lastKnownFileType = sourcecode.swift; path = GroceryItem.swift; sourceTree = "<group>"; };
		5ECDE0812083FF520094D4C3 /* User.swift */ = {isa = PBXFileReference; fileEncoding = 4; lastKnownFileType = sourcecode.swift; path = User.swift; sourceTree = "<group>"; };
		961C72AA7BA346F26627952A /* Pods-Kitchen HelpTests.release.xcconfig */ = {isa = PBXFileReference; includeInIndex = 1; lastKnownFileType = text.xcconfig; name = "Pods-Kitchen HelpTests.release.xcconfig"; path = "Pods/Target Support Files/Pods-Kitchen HelpTests/Pods-Kitchen HelpTests.release.xcconfig"; sourceTree = "<group>"; };
		A5209AB0202CAB4C0075DD0D /* RecipeTableViewController.swift */ = {isa = PBXFileReference; lastKnownFileType = sourcecode.swift; path = RecipeTableViewController.swift; sourceTree = "<group>"; };
		A5209AB3202CAD660075DD0D /* SearchPageViewController.swift */ = {isa = PBXFileReference; lastKnownFileType = sourcecode.swift; path = SearchPageViewController.swift; sourceTree = "<group>"; };
		A5209AB5202CADDE0075DD0D /* ResultsViewController.swift */ = {isa = PBXFileReference; lastKnownFileType = sourcecode.swift; path = ResultsViewController.swift; sourceTree = "<group>"; };
		A56EFF932028B0B000B106F5 /* Kitchen Help.app */ = {isa = PBXFileReference; explicitFileType = wrapper.application; includeInIndex = 0; path = "Kitchen Help.app"; sourceTree = BUILT_PRODUCTS_DIR; };
		A56EFF962028B0B000B106F5 /* AppDelegate.swift */ = {isa = PBXFileReference; lastKnownFileType = sourcecode.swift; path = AppDelegate.swift; sourceTree = "<group>"; };
		A56EFF9B2028B0B000B106F5 /* Base */ = {isa = PBXFileReference; lastKnownFileType = file.storyboard; name = Base; path = Base.lproj/Main.storyboard; sourceTree = "<group>"; };
		A56EFF9D2028B0B000B106F5 /* Assets.xcassets */ = {isa = PBXFileReference; lastKnownFileType = folder.assetcatalog; path = Assets.xcassets; sourceTree = "<group>"; };
		A56EFFA02028B0B000B106F5 /* Base */ = {isa = PBXFileReference; lastKnownFileType = file.storyboard; name = Base; path = Base.lproj/LaunchScreen.storyboard; sourceTree = "<group>"; };
		A56EFFA22028B0B000B106F5 /* Info.plist */ = {isa = PBXFileReference; lastKnownFileType = text.plist.xml; path = Info.plist; sourceTree = "<group>"; };
		A56EFFA72028B0B000B106F5 /* Kitchen HelpTests.xctest */ = {isa = PBXFileReference; explicitFileType = wrapper.cfbundle; includeInIndex = 0; path = "Kitchen HelpTests.xctest"; sourceTree = BUILT_PRODUCTS_DIR; };
		A56EFFAB2028B0B000B106F5 /* Kitchen_HelpTests.swift */ = {isa = PBXFileReference; lastKnownFileType = sourcecode.swift; path = Kitchen_HelpTests.swift; sourceTree = "<group>"; };
		A56EFFAD2028B0B000B106F5 /* Info.plist */ = {isa = PBXFileReference; lastKnownFileType = text.plist.xml; path = Info.plist; sourceTree = "<group>"; };
		A56EFFB22028B0B000B106F5 /* Kitchen HelpUITests.xctest */ = {isa = PBXFileReference; explicitFileType = wrapper.cfbundle; includeInIndex = 0; path = "Kitchen HelpUITests.xctest"; sourceTree = BUILT_PRODUCTS_DIR; };
		A56EFFB62028B0B000B106F5 /* Kitchen_HelpUITests.swift */ = {isa = PBXFileReference; lastKnownFileType = sourcecode.swift; path = Kitchen_HelpUITests.swift; sourceTree = "<group>"; };
		A56EFFB82028B0B000B106F5 /* Info.plist */ = {isa = PBXFileReference; lastKnownFileType = text.plist.xml; path = Info.plist; sourceTree = "<group>"; };
		A5B169CA20446B1300A524A5 /* HomeTableViewController.swift */ = {isa = PBXFileReference; lastKnownFileType = sourcecode.swift; path = HomeTableViewController.swift; sourceTree = "<group>"; };
		A5B169CE20446CA800A524A5 /* Pantry.plist */ = {isa = PBXFileReference; lastKnownFileType = text.plist.xml; path = Pantry.plist; sourceTree = "<group>"; };
		A5CC4CC82041E4D90019BBF3 /* Recipes.plist */ = {isa = PBXFileReference; lastKnownFileType = text.plist.xml; path = Recipes.plist; sourceTree = "<group>"; };
		A5E716702048582700D9FEF6 /* XMLParser.swift */ = {isa = PBXFileReference; lastKnownFileType = sourcecode.swift; path = XMLParser.swift; sourceTree = "<group>"; };
		C37496E22076718D0062EDB8 /* GoogleService-Info.plist */ = {isa = PBXFileReference; fileEncoding = 4; lastKnownFileType = text.plist.xml; path = "GoogleService-Info.plist"; sourceTree = "<group>"; };
		C38109652088D81600A8E1CA /* Recipes.xml */ = {isa = PBXFileReference; fileEncoding = 4; lastKnownFileType = text.xml; path = Recipes.xml; sourceTree = "<group>"; };
		C38109672088D84000A8E1CA /* RecipeTableViewCell.swift */ = {isa = PBXFileReference; fileEncoding = 4; lastKnownFileType = sourcecode.swift; path = RecipeTableViewCell.swift; sourceTree = "<group>"; };
		D6FEA268209ADE1DCBEA0092 /* Pods-Kitchen HelpUITests.release.xcconfig */ = {isa = PBXFileReference; includeInIndex = 1; lastKnownFileType = text.xcconfig; name = "Pods-Kitchen HelpUITests.release.xcconfig"; path = "Pods/Target Support Files/Pods-Kitchen HelpUITests/Pods-Kitchen HelpUITests.release.xcconfig"; sourceTree = "<group>"; };
		DF3C846BF99BB1BFFD0F316B /* Pods-Kitchen Help.debug.xcconfig */ = {isa = PBXFileReference; includeInIndex = 1; lastKnownFileType = text.xcconfig; name = "Pods-Kitchen Help.debug.xcconfig"; path = "Pods/Target Support Files/Pods-Kitchen Help/Pods-Kitchen Help.debug.xcconfig"; sourceTree = "<group>"; };
		FCED95EA06B7548F8CC2CFDC /* Pods-Kitchen HelpUITests.debug.xcconfig */ = {isa = PBXFileReference; includeInIndex = 1; lastKnownFileType = text.xcconfig; name = "Pods-Kitchen HelpUITests.debug.xcconfig"; path = "Pods/Target Support Files/Pods-Kitchen HelpUITests/Pods-Kitchen HelpUITests.debug.xcconfig"; sourceTree = "<group>"; };
/* End PBXFileReference section */

/* Begin PBXFrameworksBuildPhase section */
		A56EFF902028B0B000B106F5 /* Frameworks */ = {
			isa = PBXFrameworksBuildPhase;
			buildActionMask = 2147483647;
			files = (
				C827E46F3069EEC9091F4426 /* Pods_Kitchen_Help.framework in Frameworks */,
			);
			runOnlyForDeploymentPostprocessing = 0;
		};
		A56EFFA42028B0B000B106F5 /* Frameworks */ = {
			isa = PBXFrameworksBuildPhase;
			buildActionMask = 2147483647;
			files = (
				1D9CA454018E7340F803C64A /* Pods_Kitchen_HelpTests.framework in Frameworks */,
			);
			runOnlyForDeploymentPostprocessing = 0;
		};
		A56EFFAF2028B0B000B106F5 /* Frameworks */ = {
			isa = PBXFrameworksBuildPhase;
			buildActionMask = 2147483647;
			files = (
				EBD51FF27730E55E603824BA /* Pods_Kitchen_HelpUITests.framework in Frameworks */,
			);
			runOnlyForDeploymentPostprocessing = 0;
		};
/* End PBXFrameworksBuildPhase section */

/* Begin PBXGroup section */
		1DB6E139207678CA00A301B9 /* Images */ = {
			isa = PBXGroup;
			children = (
				1DB6E12F207678B900A301B9 /* ADDbutton.png */,
				1DB6E129207678B800A301B9 /* COMPLETEbutton.png */,
				1DB6E12D207678B800A301B9 /* INGREDIENTSbutton.png */,
				1DB6E12B207678B800A301B9 /* LOGINbutton.png */,
				1DC98D512088EA8800431BCF /* LOGINgreen.png */,
				1DB6E12E207678B800A301B9 /* LOGOblue.png */,
				1DB6E128207678B800A301B9 /* LOGOUTbutton.png */,
				1DB6E12C207678B800A301B9 /* MENUbutton.png */,
				1DB6E127207678B800A301B9 /* RECIPESbutton.png */,
			);
			path = Images;
			sourceTree = "<group>";
		};
		A5209AB2202CAB6B0075DD0D /* Controllers */ = {
			isa = PBXGroup;
			children = (
				1DC98D4F2088DFEC00431BCF /* HomeViewController.swift */,
				5E2174062083A4D30010DD9A /* OnlineUsersTableViewController.swift */,
				5E2174042083A4BB0010DD9A /* GroceryListTableViewController.swift */,
				5E5534D1207FAB63008A985E /* FixedLoginViewController.swift */,
				A5B169CA20446B1300A524A5 /* HomeTableViewController.swift */,
				A5209AB3202CAD660075DD0D /* SearchPageViewController.swift */,
				A5209AB0202CAB4C0075DD0D /* RecipeTableViewController.swift */,
				C38109672088D84000A8E1CA /* RecipeTableViewCell.swift */,
				A5209AB5202CADDE0075DD0D /* ResultsViewController.swift */,
				5EC0BB9A206DE36A005056FE /* EmailLoginViewController.swift */,
			);
			path = Controllers;
			sourceTree = "<group>";
		};
		A56EFF8A2028B0B000B106F5 = {
			isa = PBXGroup;
			children = (
				C37496E22076718D0062EDB8 /* GoogleService-Info.plist */,
				A56EFF952028B0B000B106F5 /* Kitchen Help */,
				A56EFFAA2028B0B000B106F5 /* Kitchen HelpTests */,
				A56EFFB52028B0B000B106F5 /* Kitchen HelpUITests */,
				A56EFF942028B0B000B106F5 /* Products */,
				B8234D7E427A612F1AEA0F82 /* Pods */,
				B2AB64180F54154884FA8A1E /* Frameworks */,
			);
			sourceTree = "<group>";
		};
		A56EFF942028B0B000B106F5 /* Products */ = {
			isa = PBXGroup;
			children = (
				A56EFF932028B0B000B106F5 /* Kitchen Help.app */,
				A56EFFA72028B0B000B106F5 /* Kitchen HelpTests.xctest */,
				A56EFFB22028B0B000B106F5 /* Kitchen HelpUITests.xctest */,
			);
			name = Products;
			sourceTree = "<group>";
		};
		A56EFF952028B0B000B106F5 /* Kitchen Help */ = {
			isa = PBXGroup;
			children = (
				1DB6E139207678CA00A301B9 /* Images */,
				A5E7166F2048560D00D9FEF6 /* Model */,
				A5CC4CCA2041E83F0019BBF3 /* Property Lists */,
				A5209AB2202CAB6B0075DD0D /* Controllers */,
				A56EFF962028B0B000B106F5 /* AppDelegate.swift */,
				A56EFF9A2028B0B000B106F5 /* Main.storyboard */,
				A56EFFA22028B0B000B106F5 /* Info.plist */,
				A56EFF9D2028B0B000B106F5 /* Assets.xcassets */,
				A56EFF9F2028B0B000B106F5 /* LaunchScreen.storyboard */,
			);
			path = "Kitchen Help";
			sourceTree = "<group>";
		};
		A56EFFAA2028B0B000B106F5 /* Kitchen HelpTests */ = {
			isa = PBXGroup;
			children = (
				A56EFFAB2028B0B000B106F5 /* Kitchen_HelpTests.swift */,
				A56EFFAD2028B0B000B106F5 /* Info.plist */,
			);
			path = "Kitchen HelpTests";
			sourceTree = "<group>";
		};
		A56EFFB52028B0B000B106F5 /* Kitchen HelpUITests */ = {
			isa = PBXGroup;
			children = (
				A56EFFB62028B0B000B106F5 /* Kitchen_HelpUITests.swift */,
				A56EFFB82028B0B000B106F5 /* Info.plist */,
			);
			path = "Kitchen HelpUITests";
			sourceTree = "<group>";
		};
		A5CC4CCA2041E83F0019BBF3 /* Property Lists */ = {
			isa = PBXGroup;
			children = (
				A5CC4CC82041E4D90019BBF3 /* Recipes.plist */,
				A5B169CE20446CA800A524A5 /* Pantry.plist */,
				C38109652088D81600A8E1CA /* Recipes.xml */,
			);
			path = "Property Lists";
			sourceTree = "<group>";
		};
		A5E7166F2048560D00D9FEF6 /* Model */ = {
			isa = PBXGroup;
			children = (
				5ECDE07F2083B50D0094D4C3 /* GroceryItem.swift */,
				A5E716702048582700D9FEF6 /* XMLParser.swift */,
				5ECDE0812083FF520094D4C3 /* User.swift */,
			);
			path = Model;
			sourceTree = "<group>";
		};
		B2AB64180F54154884FA8A1E /* Frameworks */ = {
			isa = PBXGroup;
			children = (
				559D8AEB07F679FE57DECCA9 /* Pods_Kitchen_Help.framework */,
				1AFAB75F7FE4E3B059AF48DB /* Pods_Kitchen_HelpTests.framework */,
				1DC347BD267F6CA187CFEC73 /* Pods_Kitchen_HelpUITests.framework */,
			);
			name = Frameworks;
			sourceTree = "<group>";
		};
		B8234D7E427A612F1AEA0F82 /* Pods */ = {
			isa = PBXGroup;
			children = (
				DF3C846BF99BB1BFFD0F316B /* Pods-Kitchen Help.debug.xcconfig */,
				241532A00CA545B7EDCB46BB /* Pods-Kitchen Help.release.xcconfig */,
				5E840E1F4A2FB2A494F987D6 /* Pods-Kitchen HelpTests.debug.xcconfig */,
				961C72AA7BA346F26627952A /* Pods-Kitchen HelpTests.release.xcconfig */,
				FCED95EA06B7548F8CC2CFDC /* Pods-Kitchen HelpUITests.debug.xcconfig */,
				D6FEA268209ADE1DCBEA0092 /* Pods-Kitchen HelpUITests.release.xcconfig */,
			);
			name = Pods;
			sourceTree = "<group>";
		};
/* End PBXGroup section */

/* Begin PBXNativeTarget section */
		A56EFF922028B0B000B106F5 /* Kitchen Help */ = {
			isa = PBXNativeTarget;
			buildConfigurationList = A56EFFBB2028B0B000B106F5 /* Build configuration list for PBXNativeTarget "Kitchen Help" */;
			buildPhases = (
				12F67901679BFFCBE9BFB596 /* [CP] Check Pods Manifest.lock */,
				A56EFF8F2028B0B000B106F5 /* Sources */,
				A56EFF902028B0B000B106F5 /* Frameworks */,
				A56EFF912028B0B000B106F5 /* Resources */,
				5B6771190CABC3A75648F67E /* [CP] Embed Pods Frameworks */,
				D9EBB2C4271F2C07D74A99B2 /* [CP] Copy Pods Resources */,
			);
			buildRules = (
			);
			dependencies = (
			);
			name = "Kitchen Help";
			productName = "Kitchen Help";
			productReference = A56EFF932028B0B000B106F5 /* Kitchen Help.app */;
			productType = "com.apple.product-type.application";
		};
		A56EFFA62028B0B000B106F5 /* Kitchen HelpTests */ = {
			isa = PBXNativeTarget;
			buildConfigurationList = A56EFFBE2028B0B000B106F5 /* Build configuration list for PBXNativeTarget "Kitchen HelpTests" */;
			buildPhases = (
				CAB38E93F627BE858A714B2B /* [CP] Check Pods Manifest.lock */,
				A56EFFA32028B0B000B106F5 /* Sources */,
				A56EFFA42028B0B000B106F5 /* Frameworks */,
				A56EFFA52028B0B000B106F5 /* Resources */,
				D9C9EB79AE2BE0B367817EA5 /* [CP] Embed Pods Frameworks */,
				DE3BE176C4476645387D1963 /* [CP] Copy Pods Resources */,
			);
			buildRules = (
			);
			dependencies = (
				A56EFFA92028B0B000B106F5 /* PBXTargetDependency */,
			);
			name = "Kitchen HelpTests";
			productName = "Kitchen HelpTests";
			productReference = A56EFFA72028B0B000B106F5 /* Kitchen HelpTests.xctest */;
			productType = "com.apple.product-type.bundle.unit-test";
		};
		A56EFFB12028B0B000B106F5 /* Kitchen HelpUITests */ = {
			isa = PBXNativeTarget;
			buildConfigurationList = A56EFFC12028B0B000B106F5 /* Build configuration list for PBXNativeTarget "Kitchen HelpUITests" */;
			buildPhases = (
				A062F8660E47FF4C3808E605 /* [CP] Check Pods Manifest.lock */,
				A56EFFAE2028B0B000B106F5 /* Sources */,
				A56EFFAF2028B0B000B106F5 /* Frameworks */,
				A56EFFB02028B0B000B106F5 /* Resources */,
				38B4962FA0EE101C755F0324 /* [CP] Embed Pods Frameworks */,
				0F513E89481369FCEAB231CB /* [CP] Copy Pods Resources */,
			);
			buildRules = (
			);
			dependencies = (
				A56EFFB42028B0B000B106F5 /* PBXTargetDependency */,
			);
			name = "Kitchen HelpUITests";
			productName = "Kitchen HelpUITests";
			productReference = A56EFFB22028B0B000B106F5 /* Kitchen HelpUITests.xctest */;
			productType = "com.apple.product-type.bundle.ui-testing";
		};
/* End PBXNativeTarget section */

/* Begin PBXProject section */
		A56EFF8B2028B0B000B106F5 /* Project object */ = {
			isa = PBXProject;
			attributes = {
				LastSwiftUpdateCheck = 0920;
				LastUpgradeCheck = 0920;
				ORGANIZATIONNAME = "Miranda Richardson";
				TargetAttributes = {
					A56EFF922028B0B000B106F5 = {
						CreatedOnToolsVersion = 9.2;
						ProvisioningStyle = Automatic;
					};
					A56EFFA62028B0B000B106F5 = {
						CreatedOnToolsVersion = 9.2;
						ProvisioningStyle = Automatic;
						TestTargetID = A56EFF922028B0B000B106F5;
					};
					A56EFFB12028B0B000B106F5 = {
						CreatedOnToolsVersion = 9.2;
						ProvisioningStyle = Automatic;
						TestTargetID = A56EFF922028B0B000B106F5;
					};
				};
			};
			buildConfigurationList = A56EFF8E2028B0B000B106F5 /* Build configuration list for PBXProject "Kitchen Help" */;
			compatibilityVersion = "Xcode 8.0";
			developmentRegion = en;
			hasScannedForEncodings = 0;
			knownRegions = (
				en,
				Base,
			);
			mainGroup = A56EFF8A2028B0B000B106F5;
			productRefGroup = A56EFF942028B0B000B106F5 /* Products */;
			projectDirPath = "";
			projectRoot = "";
			targets = (
				A56EFF922028B0B000B106F5 /* Kitchen Help */,
				A56EFFA62028B0B000B106F5 /* Kitchen HelpTests */,
				A56EFFB12028B0B000B106F5 /* Kitchen HelpUITests */,
			);
		};
/* End PBXProject section */

/* Begin PBXResourcesBuildPhase section */
		A56EFF912028B0B000B106F5 /* Resources */ = {
			isa = PBXResourcesBuildPhase;
			buildActionMask = 2147483647;
			files = (
				A5CC4CC92041E4D90019BBF3 /* Recipes.plist in Resources */,
				1DC98D522088EA8800431BCF /* LOGINgreen.png in Resources */,
				1DB6E132207678B900A301B9 /* COMPLETEbutton.png in Resources */,
				A56EFFA12028B0B000B106F5 /* LaunchScreen.storyboard in Resources */,
				1DB6E138207678B900A301B9 /* ADDbutton.png in Resources */,
				1DB6E137207678B900A301B9 /* LOGOblue.png in Resources */,
				1DB6E135207678B900A301B9 /* MENUbutton.png in Resources */,
				1DB6E136207678B900A301B9 /* INGREDIENTSbutton.png in Resources */,
				A5B169CF20446CA800A524A5 /* Pantry.plist in Resources */,
				C38109662088D81600A8E1CA /* Recipes.xml in Resources */,
				A56EFF9E2028B0B000B106F5 /* Assets.xcassets in Resources */,
				1DB6E134207678B900A301B9 /* LOGINbutton.png in Resources */,
				A56EFF9C2028B0B000B106F5 /* Main.storyboard in Resources */,
				C37496E32076718D0062EDB8 /* GoogleService-Info.plist in Resources */,
			);
			runOnlyForDeploymentPostprocessing = 0;
		};
		A56EFFA52028B0B000B106F5 /* Resources */ = {
			isa = PBXResourcesBuildPhase;
			buildActionMask = 2147483647;
			files = (
			);
			runOnlyForDeploymentPostprocessing = 0;
		};
		A56EFFB02028B0B000B106F5 /* Resources */ = {
			isa = PBXResourcesBuildPhase;
			buildActionMask = 2147483647;
			files = (
			);
			runOnlyForDeploymentPostprocessing = 0;
		};
/* End PBXResourcesBuildPhase section */

/* Begin PBXShellScriptBuildPhase section */
		0F513E89481369FCEAB231CB /* [CP] Copy Pods Resources */ = {
			isa = PBXShellScriptBuildPhase;
			buildActionMask = 2147483647;
			files = (
			);
			inputPaths = (
			);
			name = "[CP] Copy Pods Resources";
			outputPaths = (
			);
			runOnlyForDeploymentPostprocessing = 0;
			shellPath = /bin/sh;
			shellScript = "\"${SRCROOT}/Pods/Target Support Files/Pods-Kitchen HelpUITests/Pods-Kitchen HelpUITests-resources.sh\"\n";
			showEnvVarsInLog = 0;
		};
		12F67901679BFFCBE9BFB596 /* [CP] Check Pods Manifest.lock */ = {
			isa = PBXShellScriptBuildPhase;
			buildActionMask = 2147483647;
			files = (
			);
			inputPaths = (
				"${PODS_PODFILE_DIR_PATH}/Podfile.lock",
				"${PODS_ROOT}/Manifest.lock",
			);
			name = "[CP] Check Pods Manifest.lock";
			outputPaths = (
				"$(DERIVED_FILE_DIR)/Pods-Kitchen Help-checkManifestLockResult.txt",
			);
			runOnlyForDeploymentPostprocessing = 0;
			shellPath = /bin/sh;
			shellScript = "diff \"${PODS_PODFILE_DIR_PATH}/Podfile.lock\" \"${PODS_ROOT}/Manifest.lock\" > /dev/null\nif [ $? != 0 ] ; then\n    # print error to STDERR\n    echo \"error: The sandbox is not in sync with the Podfile.lock. Run 'pod install' or update your CocoaPods installation.\" >&2\n    exit 1\nfi\n# This output is used by Xcode 'outputs' to avoid re-running this script phase.\necho \"SUCCESS\" > \"${SCRIPT_OUTPUT_FILE_0}\"\n";
			showEnvVarsInLog = 0;
		};
		38B4962FA0EE101C755F0324 /* [CP] Embed Pods Frameworks */ = {
			isa = PBXShellScriptBuildPhase;
			buildActionMask = 2147483647;
			files = (
			);
			inputPaths = (
			);
			name = "[CP] Embed Pods Frameworks";
			outputPaths = (
			);
			runOnlyForDeploymentPostprocessing = 0;
			shellPath = /bin/sh;
			shellScript = "\"${SRCROOT}/Pods/Target Support Files/Pods-Kitchen HelpUITests/Pods-Kitchen HelpUITests-frameworks.sh\"\n";
			showEnvVarsInLog = 0;
		};
		5B6771190CABC3A75648F67E /* [CP] Embed Pods Frameworks */ = {
			isa = PBXShellScriptBuildPhase;
			buildActionMask = 2147483647;
			files = (
			);
			inputPaths = (
				"${SRCROOT}/Pods/Target Support Files/Pods-Kitchen Help/Pods-Kitchen Help-frameworks.sh",
				"${BUILT_PRODUCTS_DIR}/GTMOAuth2/GTMOAuth2.framework",
				"${BUILT_PRODUCTS_DIR}/GTMSessionFetcher/GTMSessionFetcher.framework",
				"${BUILT_PRODUCTS_DIR}/GoogleToolboxForMac/GoogleToolboxForMac.framework",
				"${BUILT_PRODUCTS_DIR}/SWXMLHash/SWXMLHash.framework",
				"${BUILT_PRODUCTS_DIR}/leveldb-library/leveldb.framework",
				"${BUILT_PRODUCTS_DIR}/nanopb/nanopb.framework",
			);
			name = "[CP] Embed Pods Frameworks";
			outputPaths = (
				"${TARGET_BUILD_DIR}/${FRAMEWORKS_FOLDER_PATH}/GTMOAuth2.framework",
				"${TARGET_BUILD_DIR}/${FRAMEWORKS_FOLDER_PATH}/GTMSessionFetcher.framework",
				"${TARGET_BUILD_DIR}/${FRAMEWORKS_FOLDER_PATH}/GoogleToolboxForMac.framework",
				"${TARGET_BUILD_DIR}/${FRAMEWORKS_FOLDER_PATH}/SWXMLHash.framework",
				"${TARGET_BUILD_DIR}/${FRAMEWORKS_FOLDER_PATH}/leveldb.framework",
				"${TARGET_BUILD_DIR}/${FRAMEWORKS_FOLDER_PATH}/nanopb.framework",
			);
			runOnlyForDeploymentPostprocessing = 0;
			shellPath = /bin/sh;
			shellScript = "\"${SRCROOT}/Pods/Target Support Files/Pods-Kitchen Help/Pods-Kitchen Help-frameworks.sh\"\n";
			showEnvVarsInLog = 0;
		};
		A062F8660E47FF4C3808E605 /* [CP] Check Pods Manifest.lock */ = {
			isa = PBXShellScriptBuildPhase;
			buildActionMask = 2147483647;
			files = (
			);
			inputPaths = (
				"${PODS_PODFILE_DIR_PATH}/Podfile.lock",
				"${PODS_ROOT}/Manifest.lock",
			);
			name = "[CP] Check Pods Manifest.lock";
			outputPaths = (
				"$(DERIVED_FILE_DIR)/Pods-Kitchen HelpUITests-checkManifestLockResult.txt",
			);
			runOnlyForDeploymentPostprocessing = 0;
			shellPath = /bin/sh;
			shellScript = "diff \"${PODS_PODFILE_DIR_PATH}/Podfile.lock\" \"${PODS_ROOT}/Manifest.lock\" > /dev/null\nif [ $? != 0 ] ; then\n    # print error to STDERR\n    echo \"error: The sandbox is not in sync with the Podfile.lock. Run 'pod install' or update your CocoaPods installation.\" >&2\n    exit 1\nfi\n# This output is used by Xcode 'outputs' to avoid re-running this script phase.\necho \"SUCCESS\" > \"${SCRIPT_OUTPUT_FILE_0}\"\n";
			showEnvVarsInLog = 0;
		};
		CAB38E93F627BE858A714B2B /* [CP] Check Pods Manifest.lock */ = {
			isa = PBXShellScriptBuildPhase;
			buildActionMask = 2147483647;
			files = (
			);
			inputPaths = (
				"${PODS_PODFILE_DIR_PATH}/Podfile.lock",
				"${PODS_ROOT}/Manifest.lock",
			);
			name = "[CP] Check Pods Manifest.lock";
			outputPaths = (
				"$(DERIVED_FILE_DIR)/Pods-Kitchen HelpTests-checkManifestLockResult.txt",
			);
			runOnlyForDeploymentPostprocessing = 0;
			shellPath = /bin/sh;
			shellScript = "diff \"${PODS_PODFILE_DIR_PATH}/Podfile.lock\" \"${PODS_ROOT}/Manifest.lock\" > /dev/null\nif [ $? != 0 ] ; then\n    # print error to STDERR\n    echo \"error: The sandbox is not in sync with the Podfile.lock. Run 'pod install' or update your CocoaPods installation.\" >&2\n    exit 1\nfi\n# This output is used by Xcode 'outputs' to avoid re-running this script phase.\necho \"SUCCESS\" > \"${SCRIPT_OUTPUT_FILE_0}\"\n";
			showEnvVarsInLog = 0;
		};
		D9C9EB79AE2BE0B367817EA5 /* [CP] Embed Pods Frameworks */ = {
			isa = PBXShellScriptBuildPhase;
			buildActionMask = 2147483647;
			files = (
			);
			inputPaths = (
			);
			name = "[CP] Embed Pods Frameworks";
			outputPaths = (
			);
			runOnlyForDeploymentPostprocessing = 0;
			shellPath = /bin/sh;
			shellScript = "\"${SRCROOT}/Pods/Target Support Files/Pods-Kitchen HelpTests/Pods-Kitchen HelpTests-frameworks.sh\"\n";
			showEnvVarsInLog = 0;
		};
		D9EBB2C4271F2C07D74A99B2 /* [CP] Copy Pods Resources */ = {
			isa = PBXShellScriptBuildPhase;
			buildActionMask = 2147483647;
			files = (
			);
			inputPaths = (
				"${SRCROOT}/Pods/Target Support Files/Pods-Kitchen Help/Pods-Kitchen Help-resources.sh",
				"${PODS_ROOT}/GoogleSignIn/Resources/GoogleSignIn.bundle",
			);
			name = "[CP] Copy Pods Resources";
			outputPaths = (
				"${TARGET_BUILD_DIR}/${UNLOCALIZED_RESOURCES_FOLDER_PATH}/GoogleSignIn.bundle",
			);
			runOnlyForDeploymentPostprocessing = 0;
			shellPath = /bin/sh;
			shellScript = "\"${SRCROOT}/Pods/Target Support Files/Pods-Kitchen Help/Pods-Kitchen Help-resources.sh\"\n";
			showEnvVarsInLog = 0;
		};
		DE3BE176C4476645387D1963 /* [CP] Copy Pods Resources */ = {
			isa = PBXShellScriptBuildPhase;
			buildActionMask = 2147483647;
			files = (
			);
			inputPaths = (
			);
			name = "[CP] Copy Pods Resources";
			outputPaths = (
			);
			runOnlyForDeploymentPostprocessing = 0;
			shellPath = /bin/sh;
			shellScript = "\"${SRCROOT}/Pods/Target Support Files/Pods-Kitchen HelpTests/Pods-Kitchen HelpTests-resources.sh\"\n";
			showEnvVarsInLog = 0;
		};
/* End PBXShellScriptBuildPhase section */

/* Begin PBXSourcesBuildPhase section */
		A56EFF8F2028B0B000B106F5 /* Sources */ = {
			isa = PBXSourcesBuildPhase;
			buildActionMask = 2147483647;
			files = (
				A5E716712048582700D9FEF6 /* XMLParser.swift in Sources */,
				5E2174052083A4BB0010DD9A /* GroceryListTableViewController.swift in Sources */,
				5ECDE0802083B50D0094D4C3 /* GroceryItem.swift in Sources */,
				C38109682088D84000A8E1CA /* RecipeTableViewCell.swift in Sources */,
				5EC0BB9B206DE36A005056FE /* EmailLoginViewController.swift in Sources */,
				1DC98D502088DFEC00431BCF /* HomeViewController.swift in Sources */,
				A5B169CB20446B1300A524A5 /* HomeTableViewController.swift in Sources */,
				A5209AB1202CAB4C0075DD0D /* RecipeTableViewController.swift in Sources */,
				5ECDE0822083FF530094D4C3 /* User.swift in Sources */,
				A56EFF972028B0B000B106F5 /* AppDelegate.swift in Sources */,
				5E5534D2207FAB64008A985E /* FixedLoginViewController.swift in Sources */,
				5E2174072083A4D30010DD9A /* OnlineUsersTableViewController.swift in Sources */,
				A5209AB6202CADDE0075DD0D /* ResultsViewController.swift in Sources */,
				A5209AB4202CAD660075DD0D /* SearchPageViewController.swift in Sources */,
			);
			runOnlyForDeploymentPostprocessing = 0;
		};
		A56EFFA32028B0B000B106F5 /* Sources */ = {
			isa = PBXSourcesBuildPhase;
			buildActionMask = 2147483647;
			files = (
				A56EFFAC2028B0B000B106F5 /* Kitchen_HelpTests.swift in Sources */,
			);
			runOnlyForDeploymentPostprocessing = 0;
		};
		A56EFFAE2028B0B000B106F5 /* Sources */ = {
			isa = PBXSourcesBuildPhase;
			buildActionMask = 2147483647;
			files = (
				A56EFFB72028B0B000B106F5 /* Kitchen_HelpUITests.swift in Sources */,
			);
			runOnlyForDeploymentPostprocessing = 0;
		};
/* End PBXSourcesBuildPhase section */

/* Begin PBXTargetDependency section */
		A56EFFA92028B0B000B106F5 /* PBXTargetDependency */ = {
			isa = PBXTargetDependency;
			target = A56EFF922028B0B000B106F5 /* Kitchen Help */;
			targetProxy = A56EFFA82028B0B000B106F5 /* PBXContainerItemProxy */;
		};
		A56EFFB42028B0B000B106F5 /* PBXTargetDependency */ = {
			isa = PBXTargetDependency;
			target = A56EFF922028B0B000B106F5 /* Kitchen Help */;
			targetProxy = A56EFFB32028B0B000B106F5 /* PBXContainerItemProxy */;
		};
/* End PBXTargetDependency section */

/* Begin PBXVariantGroup section */
		A56EFF9A2028B0B000B106F5 /* Main.storyboard */ = {
			isa = PBXVariantGroup;
			children = (
				A56EFF9B2028B0B000B106F5 /* Base */,
			);
			name = Main.storyboard;
			sourceTree = "<group>";
		};
		A56EFF9F2028B0B000B106F5 /* LaunchScreen.storyboard */ = {
			isa = PBXVariantGroup;
			children = (
				A56EFFA02028B0B000B106F5 /* Base */,
			);
			name = LaunchScreen.storyboard;
			sourceTree = "<group>";
		};
/* End PBXVariantGroup section */

/* Begin XCBuildConfiguration section */
		A56EFFB92028B0B000B106F5 /* Debug */ = {
			isa = XCBuildConfiguration;
			buildSettings = {
				ALWAYS_SEARCH_USER_PATHS = NO;
				CLANG_ANALYZER_NONNULL = YES;
				CLANG_ANALYZER_NUMBER_OBJECT_CONVERSION = YES_AGGRESSIVE;
				CLANG_CXX_LANGUAGE_STANDARD = "gnu++14";
				CLANG_CXX_LIBRARY = "libc++";
				CLANG_ENABLE_MODULES = YES;
				CLANG_ENABLE_OBJC_ARC = YES;
				CLANG_WARN_BLOCK_CAPTURE_AUTORELEASING = YES;
				CLANG_WARN_BOOL_CONVERSION = YES;
				CLANG_WARN_COMMA = YES;
				CLANG_WARN_CONSTANT_CONVERSION = YES;
				CLANG_WARN_DIRECT_OBJC_ISA_USAGE = YES_ERROR;
				CLANG_WARN_DOCUMENTATION_COMMENTS = YES;
				CLANG_WARN_EMPTY_BODY = YES;
				CLANG_WARN_ENUM_CONVERSION = YES;
				CLANG_WARN_INFINITE_RECURSION = YES;
				CLANG_WARN_INT_CONVERSION = YES;
				CLANG_WARN_NON_LITERAL_NULL_CONVERSION = YES;
				CLANG_WARN_OBJC_LITERAL_CONVERSION = YES;
				CLANG_WARN_OBJC_ROOT_CLASS = YES_ERROR;
				CLANG_WARN_RANGE_LOOP_ANALYSIS = YES;
				CLANG_WARN_STRICT_PROTOTYPES = YES;
				CLANG_WARN_SUSPICIOUS_MOVE = YES;
				CLANG_WARN_UNGUARDED_AVAILABILITY = YES_AGGRESSIVE;
				CLANG_WARN_UNREACHABLE_CODE = YES;
				CLANG_WARN__DUPLICATE_METHOD_MATCH = YES;
				CODE_SIGN_IDENTITY = "iPhone Developer";
				COPY_PHASE_STRIP = NO;
				DEBUG_INFORMATION_FORMAT = dwarf;
				ENABLE_STRICT_OBJC_MSGSEND = YES;
				ENABLE_TESTABILITY = YES;
				GCC_C_LANGUAGE_STANDARD = gnu11;
				GCC_DYNAMIC_NO_PIC = NO;
				GCC_NO_COMMON_BLOCKS = YES;
				GCC_OPTIMIZATION_LEVEL = 0;
				GCC_PREPROCESSOR_DEFINITIONS = (
					"DEBUG=1",
					"$(inherited)",
				);
				GCC_WARN_64_TO_32_BIT_CONVERSION = YES;
				GCC_WARN_ABOUT_RETURN_TYPE = YES_ERROR;
				GCC_WARN_UNDECLARED_SELECTOR = YES;
				GCC_WARN_UNINITIALIZED_AUTOS = YES_AGGRESSIVE;
				GCC_WARN_UNUSED_FUNCTION = YES;
				GCC_WARN_UNUSED_VARIABLE = YES;
				IPHONEOS_DEPLOYMENT_TARGET = 11.2;
				MTL_ENABLE_DEBUG_INFO = YES;
				ONLY_ACTIVE_ARCH = YES;
				SDKROOT = iphoneos;
				SWIFT_ACTIVE_COMPILATION_CONDITIONS = DEBUG;
				SWIFT_OPTIMIZATION_LEVEL = "-Onone";
			};
			name = Debug;
		};
		A56EFFBA2028B0B000B106F5 /* Release */ = {
			isa = XCBuildConfiguration;
			buildSettings = {
				ALWAYS_SEARCH_USER_PATHS = NO;
				CLANG_ANALYZER_NONNULL = YES;
				CLANG_ANALYZER_NUMBER_OBJECT_CONVERSION = YES_AGGRESSIVE;
				CLANG_CXX_LANGUAGE_STANDARD = "gnu++14";
				CLANG_CXX_LIBRARY = "libc++";
				CLANG_ENABLE_MODULES = YES;
				CLANG_ENABLE_OBJC_ARC = YES;
				CLANG_WARN_BLOCK_CAPTURE_AUTORELEASING = YES;
				CLANG_WARN_BOOL_CONVERSION = YES;
				CLANG_WARN_COMMA = YES;
				CLANG_WARN_CONSTANT_CONVERSION = YES;
				CLANG_WARN_DIRECT_OBJC_ISA_USAGE = YES_ERROR;
				CLANG_WARN_DOCUMENTATION_COMMENTS = YES;
				CLANG_WARN_EMPTY_BODY = YES;
				CLANG_WARN_ENUM_CONVERSION = YES;
				CLANG_WARN_INFINITE_RECURSION = YES;
				CLANG_WARN_INT_CONVERSION = YES;
				CLANG_WARN_NON_LITERAL_NULL_CONVERSION = YES;
				CLANG_WARN_OBJC_LITERAL_CONVERSION = YES;
				CLANG_WARN_OBJC_ROOT_CLASS = YES_ERROR;
				CLANG_WARN_RANGE_LOOP_ANALYSIS = YES;
				CLANG_WARN_STRICT_PROTOTYPES = YES;
				CLANG_WARN_SUSPICIOUS_MOVE = YES;
				CLANG_WARN_UNGUARDED_AVAILABILITY = YES_AGGRESSIVE;
				CLANG_WARN_UNREACHABLE_CODE = YES;
				CLANG_WARN__DUPLICATE_METHOD_MATCH = YES;
				CODE_SIGN_IDENTITY = "iPhone Developer";
				COPY_PHASE_STRIP = NO;
				DEBUG_INFORMATION_FORMAT = "dwarf-with-dsym";
				ENABLE_NS_ASSERTIONS = NO;
				ENABLE_STRICT_OBJC_MSGSEND = YES;
				GCC_C_LANGUAGE_STANDARD = gnu11;
				GCC_NO_COMMON_BLOCKS = YES;
				GCC_WARN_64_TO_32_BIT_CONVERSION = YES;
				GCC_WARN_ABOUT_RETURN_TYPE = YES_ERROR;
				GCC_WARN_UNDECLARED_SELECTOR = YES;
				GCC_WARN_UNINITIALIZED_AUTOS = YES_AGGRESSIVE;
				GCC_WARN_UNUSED_FUNCTION = YES;
				GCC_WARN_UNUSED_VARIABLE = YES;
				IPHONEOS_DEPLOYMENT_TARGET = 11.2;
				MTL_ENABLE_DEBUG_INFO = NO;
				SDKROOT = iphoneos;
				SWIFT_OPTIMIZATION_LEVEL = "-Owholemodule";
				VALIDATE_PRODUCT = YES;
			};
			name = Release;
		};
		A56EFFBC2028B0B000B106F5 /* Debug */ = {
			isa = XCBuildConfiguration;
			baseConfigurationReference = DF3C846BF99BB1BFFD0F316B /* Pods-Kitchen Help.debug.xcconfig */;
			buildSettings = {
				ASSETCATALOG_COMPILER_APPICON_NAME = AppIcon;
				ASSETCATALOG_COMPILER_LAUNCHIMAGE_NAME = LaunchImage;
				CODE_SIGN_STYLE = Automatic;
				INFOPLIST_FILE = "Kitchen Help/Info.plist";
				LD_RUNPATH_SEARCH_PATHS = "$(inherited) @executable_path/Frameworks";
				PRODUCT_BUNDLE_IDENTIFIER = "edu.monmouth.Kitchen-Help";
				PRODUCT_NAME = "$(TARGET_NAME)";
				SWIFT_VERSION = 4.0;
				TARGETED_DEVICE_FAMILY = "1,2";
			};
			name = Debug;
		};
		A56EFFBD2028B0B000B106F5 /* Release */ = {
			isa = XCBuildConfiguration;
			baseConfigurationReference = 241532A00CA545B7EDCB46BB /* Pods-Kitchen Help.release.xcconfig */;
			buildSettings = {
				ASSETCATALOG_COMPILER_APPICON_NAME = AppIcon;
				ASSETCATALOG_COMPILER_LAUNCHIMAGE_NAME = LaunchImage;
				CODE_SIGN_STYLE = Automatic;
				INFOPLIST_FILE = "Kitchen Help/Info.plist";
				LD_RUNPATH_SEARCH_PATHS = "$(inherited) @executable_path/Frameworks";
				PRODUCT_BUNDLE_IDENTIFIER = "edu.monmouth.Kitchen-Help";
				PRODUCT_NAME = "$(TARGET_NAME)";
				SWIFT_VERSION = 4.0;
				TARGETED_DEVICE_FAMILY = "1,2";
			};
			name = Release;
		};
		A56EFFBF2028B0B000B106F5 /* Debug */ = {
			isa = XCBuildConfiguration;
			baseConfigurationReference = 5E840E1F4A2FB2A494F987D6 /* Pods-Kitchen HelpTests.debug.xcconfig */;
			buildSettings = {
				ALWAYS_EMBED_SWIFT_STANDARD_LIBRARIES = YES;
				BUNDLE_LOADER = "$(TEST_HOST)";
				CODE_SIGN_STYLE = Automatic;
				INFOPLIST_FILE = "Kitchen HelpTests/Info.plist";
				LD_RUNPATH_SEARCH_PATHS = "$(inherited) @executable_path/Frameworks @loader_path/Frameworks";
				PRODUCT_BUNDLE_IDENTIFIER = "edu.monmouth.Kitchen-HelpTests";
				PRODUCT_NAME = "$(TARGET_NAME)";
				SWIFT_VERSION = 4.0;
				TARGETED_DEVICE_FAMILY = "1,2";
				TEST_HOST = "$(BUILT_PRODUCTS_DIR)/Kitchen Help.app/Kitchen Help";
			};
			name = Debug;
		};
		A56EFFC02028B0B000B106F5 /* Release */ = {
			isa = XCBuildConfiguration;
			baseConfigurationReference = 961C72AA7BA346F26627952A /* Pods-Kitchen HelpTests.release.xcconfig */;
			buildSettings = {
				ALWAYS_EMBED_SWIFT_STANDARD_LIBRARIES = YES;
				BUNDLE_LOADER = "$(TEST_HOST)";
				CODE_SIGN_STYLE = Automatic;
				INFOPLIST_FILE = "Kitchen HelpTests/Info.plist";
				LD_RUNPATH_SEARCH_PATHS = "$(inherited) @executable_path/Frameworks @loader_path/Frameworks";
				PRODUCT_BUNDLE_IDENTIFIER = "edu.monmouth.Kitchen-HelpTests";
				PRODUCT_NAME = "$(TARGET_NAME)";
				SWIFT_VERSION = 4.0;
				TARGETED_DEVICE_FAMILY = "1,2";
				TEST_HOST = "$(BUILT_PRODUCTS_DIR)/Kitchen Help.app/Kitchen Help";
			};
			name = Release;
		};
		A56EFFC22028B0B000B106F5 /* Debug */ = {
			isa = XCBuildConfiguration;
			baseConfigurationReference = FCED95EA06B7548F8CC2CFDC /* Pods-Kitchen HelpUITests.debug.xcconfig */;
			buildSettings = {
				ALWAYS_EMBED_SWIFT_STANDARD_LIBRARIES = YES;
				CODE_SIGN_STYLE = Automatic;
				INFOPLIST_FILE = "Kitchen HelpUITests/Info.plist";
				LD_RUNPATH_SEARCH_PATHS = "$(inherited) @executable_path/Frameworks @loader_path/Frameworks";
				PRODUCT_BUNDLE_IDENTIFIER = "edu.monmouth.Kitchen-HelpUITests";
				PRODUCT_NAME = "$(TARGET_NAME)";
				SWIFT_VERSION = 4.0;
				TARGETED_DEVICE_FAMILY = "1,2";
				TEST_TARGET_NAME = "Kitchen Help";
			};
			name = Debug;
		};
		A56EFFC32028B0B000B106F5 /* Release */ = {
			isa = XCBuildConfiguration;
			baseConfigurationReference = D6FEA268209ADE1DCBEA0092 /* Pods-Kitchen HelpUITests.release.xcconfig */;
			buildSettings = {
				ALWAYS_EMBED_SWIFT_STANDARD_LIBRARIES = YES;
				CODE_SIGN_STYLE = Automatic;
				INFOPLIST_FILE = "Kitchen HelpUITests/Info.plist";
				LD_RUNPATH_SEARCH_PATHS = "$(inherited) @executable_path/Frameworks @loader_path/Frameworks";
				PRODUCT_BUNDLE_IDENTIFIER = "edu.monmouth.Kitchen-HelpUITests";
				PRODUCT_NAME = "$(TARGET_NAME)";
				SWIFT_VERSION = 4.0;
				TARGETED_DEVICE_FAMILY = "1,2";
				TEST_TARGET_NAME = "Kitchen Help";
			};
			name = Release;
		};
/* End XCBuildConfiguration section */

/* Begin XCConfigurationList section */
		A56EFF8E2028B0B000B106F5 /* Build configuration list for PBXProject "Kitchen Help" */ = {
			isa = XCConfigurationList;
			buildConfigurations = (
				A56EFFB92028B0B000B106F5 /* Debug */,
				A56EFFBA2028B0B000B106F5 /* Release */,
			);
			defaultConfigurationIsVisible = 0;
			defaultConfigurationName = Release;
		};
		A56EFFBB2028B0B000B106F5 /* Build configuration list for PBXNativeTarget "Kitchen Help" */ = {
			isa = XCConfigurationList;
			buildConfigurations = (
				A56EFFBC2028B0B000B106F5 /* Debug */,
				A56EFFBD2028B0B000B106F5 /* Release */,
			);
			defaultConfigurationIsVisible = 0;
			defaultConfigurationName = Release;
		};
		A56EFFBE2028B0B000B106F5 /* Build configuration list for PBXNativeTarget "Kitchen HelpTests" */ = {
			isa = XCConfigurationList;
			buildConfigurations = (
				A56EFFBF2028B0B000B106F5 /* Debug */,
				A56EFFC02028B0B000B106F5 /* Release */,
			);
			defaultConfigurationIsVisible = 0;
			defaultConfigurationName = Release;
		};
		A56EFFC12028B0B000B106F5 /* Build configuration list for PBXNativeTarget "Kitchen HelpUITests" */ = {
			isa = XCConfigurationList;
			buildConfigurations = (
				A56EFFC22028B0B000B106F5 /* Debug */,
				A56EFFC32028B0B000B106F5 /* Release */,
			);
			defaultConfigurationIsVisible = 0;
			defaultConfigurationName = Release;
		};
/* End XCConfigurationList section */
	};
	rootObject = A56EFF8B2028B0B000B106F5 /* Project object */;
}
